
Microsoft Visual Studio Solution File, Format Version 12.00
# Visual Studio Version 16
VisualStudioVersion = 16.0.31025.194
MinimumVisualStudioVersion = 10.0.40219.1
Project("{FAE04EC0-301F-11D3-BF4B-00C04F79EFBC}") = "PriceTagPrint", "PriceTagPrint\PriceTagPrint.csproj", "{0E52438A-C2BE-4333-80A2-A535C1A1EBA3}"
EndProject
Global
	GlobalSection(SolutionConfigurationPlatforms) = preSolution
		Debug|Any CPU = Debug|Any CPU
		Release|Any CPU = Release|Any CPU
	EndGlobalSection
	GlobalSection(ProjectConfigurationPlatforms) = postSolution
		{0E52438A-C2BE-4333-80A2-A535C1A1EBA3}.Debug|Any CPU.ActiveCfg = Debug|Any CPU
		{0E52438A-C2BE-4333-80A2-A535C1A1EBA3}.Debug|Any CPU.Build.0 = Debug|Any CPU
		{0E52438A-C2BE-4333-80A2-A535C1A1EBA3}.Release|Any CPU.ActiveCfg = Release|Any CPU
		{0E52438A-C2BE-4333-80A2-A535C1A1EBA3}.Release|Any CPU.Build.0 = Release|Any CPU
	EndGlobalSection
	GlobalSection(SolutionProperties) = preSolution
		HideSolutionNode = FALSE
	EndGlobalSection
	GlobalSection(ExtensibilityGlobals) = postSolution
		SolutionGuid = {429C48C0-CF8E-41C5-8FDF-D1BB2C222050}
	EndGlobalSection
EndGlobal
